
Microsoft Visual Studio Solution File, Format Version 12.00
# Visual Studio Version 17
VisualStudioVersion = 17.1.32210.238
MinimumVisualStudioVersion = 10.0.40219.1
Project("{9A19103F-16F7-4668-BE54-9A1E7A4F7556}") = "MadiatorPattern.Console", "MadiatorPattern.Console\MadiatorPattern.Console.csproj", "{B0089151-A76E-459F-BE5A-8B06F7D2199B}"
EndProject
Project("{9A19103F-16F7-4668-BE54-9A1E7A4F7556}") = "Mediator", "Mediator\Mediator.csproj", "{FCC7CD30-FA6A-4114-AB18-0DB320ADDA6E}"
EndProject
Project("{FAE04EC0-301F-11D3-BF4B-00C04F79EFBC}") = "SomeLogicLayer", "SomeLogicLayer\SomeLogicLayer.csproj", "{896DC0B0-4C4A-49D3-B554-744E180D8B09}"
EndProject
Global
	GlobalSection(SolutionConfigurationPlatforms) = preSolution
		Debug|Any CPU = Debug|Any CPU
		Release|Any CPU = Release|Any CPU
	EndGlobalSection
	GlobalSection(ProjectConfigurationPlatforms) = postSolution
		{B0089151-A76E-459F-BE5A-8B06F7D2199B}.Debug|Any CPU.ActiveCfg = Debug|Any CPU
		{B0089151-A76E-459F-BE5A-8B06F7D2199B}.Debug|Any CPU.Build.0 = Debug|Any CPU
		{B0089151-A76E-459F-BE5A-8B06F7D2199B}.Release|Any CPU.ActiveCfg = Release|Any CPU
		{B0089151-A76E-459F-BE5A-8B06F7D2199B}.Release|Any CPU.Build.0 = Release|Any CPU
		{FCC7CD30-FA6A-4114-AB18-0DB320ADDA6E}.Debug|Any CPU.ActiveCfg = Debug|Any CPU
		{FCC7CD30-FA6A-4114-AB18-0DB320ADDA6E}.Debug|Any CPU.Build.0 = Debug|Any CPU
		{FCC7CD30-FA6A-4114-AB18-0DB320ADDA6E}.Release|Any CPU.ActiveCfg = Release|Any CPU
		{FCC7CD30-FA6A-4114-AB18-0DB320ADDA6E}.Release|Any CPU.Build.0 = Release|Any CPU
		{896DC0B0-4C4A-49D3-B554-744E180D8B09}.Debug|Any CPU.ActiveCfg = Debug|Any CPU
		{896DC0B0-4C4A-49D3-B554-744E180D8B09}.Debug|Any CPU.Build.0 = Debug|Any CPU
		{896DC0B0-4C4A-49D3-B554-744E180D8B09}.Release|Any CPU.ActiveCfg = Release|Any CPU
		{896DC0B0-4C4A-49D3-B554-744E180D8B09}.Release|Any CPU.Build.0 = Release|Any CPU
	EndGlobalSection
	GlobalSection(SolutionProperties) = preSolution
		HideSolutionNode = FALSE
	EndGlobalSection
	GlobalSection(ExtensibilityGlobals) = postSolution
		SolutionGuid = {6239EE20-BD50-4208-955C-5DFB5136B225}
	EndGlobalSection
EndGlobal
